
Microsoft Visual Studio Solution File, Format Version 12.00
# Visual Studio Version 17
VisualStudioVersion = 17.5.33530.505
MinimumVisualStudioVersion = 10.0.40219.1
Project("{8BC9CEB8-8B4A-11D0-8D11-00A0C91BC942}") = "pong final", "pong final\pong final.vcxproj", "{431722C0-3781-4EE9-8DC2-259247B09C30}"
EndProject
Global
	GlobalSection(SolutionConfigurationPlatforms) = preSolution
		Debug|x64 = Debug|x64
		Debug|x86 = Debug|x86
		Release|x64 = Release|x64
		Release|x86 = Release|x86
	EndGlobalSection
	GlobalSection(ProjectConfigurationPlatforms) = postSolution
		{431722C0-3781-4EE9-8DC2-259247B09C30}.Debug|x64.ActiveCfg = Debug|x64
		{431722C0-3781-4EE9-8DC2-259247B09C30}.Debug|x64.Build.0 = Debug|x64
		{431722C0-3781-4EE9-8DC2-259247B09C30}.Debug|x86.ActiveCfg = Debug|Win32
		{431722C0-3781-4EE9-8DC2-259247B09C30}.Debug|x86.Build.0 = Debug|Win32
		{431722C0-3781-4EE9-8DC2-259247B09C30}.Release|x64.ActiveCfg = Release|x64
		{431722C0-3781-4EE9-8DC2-259247B09C30}.Release|x64.Build.0 = Release|x64
		{431722C0-3781-4EE9-8DC2-259247B09C30}.Release|x86.ActiveCfg = Release|Win32
		{431722C0-3781-4EE9-8DC2-259247B09C30}.Release|x86.Build.0 = Release|Win32
	EndGlobalSection
	GlobalSection(SolutionProperties) = preSolution
		HideSolutionNode = FALSE
	EndGlobalSection
	GlobalSection(ExtensibilityGlobals) = postSolution
		SolutionGuid = {DB88761A-AD59-4E2B-B17C-1CDCA77FCAA4}
	EndGlobalSection
EndGlobal
